
Microsoft Visual Studio Solution File, Format Version 12.00
# Visual Studio Version 17
VisualStudioVersion = 17.0.31903.59
MinimumVisualStudioVersion = 10.0.40219.1
Project("{8BC9CEB8-8B4A-11D0-8D11-00A0C91BC942}") = "LDLLandCDLL", "LDLLandCDLL\LDLLandCDLL.vcxproj", "{02BF5E23-FD12-429E-A3C1-004E2F5B0B3B}"
EndProject
Global
	GlobalSection(SolutionConfigurationPlatforms) = preSolution
		Debug|x64 = Debug|x64
		Debug|x86 = Debug|x86
		Release|x64 = Release|x64
		Release|x86 = Release|x86
	EndGlobalSection
	GlobalSection(ProjectConfigurationPlatforms) = postSolution
		{02BF5E23-FD12-429E-A3C1-004E2F5B0B3B}.Debug|x64.ActiveCfg = Debug|x64
		{02BF5E23-FD12-429E-A3C1-004E2F5B0B3B}.Debug|x64.Build.0 = Debug|x64
		{02BF5E23-FD12-429E-A3C1-004E2F5B0B3B}.Debug|x86.ActiveCfg = Debug|Win32
		{02BF5E23-FD12-429E-A3C1-004E2F5B0B3B}.Debug|x86.Build.0 = Debug|Win32
		{02BF5E23-FD12-429E-A3C1-004E2F5B0B3B}.Release|x64.ActiveCfg = Release|x64
		{02BF5E23-FD12-429E-A3C1-004E2F5B0B3B}.Release|x64.Build.0 = Release|x64
		{02BF5E23-FD12-429E-A3C1-004E2F5B0B3B}.Release|x86.ActiveCfg = Release|Win32
		{02BF5E23-FD12-429E-A3C1-004E2F5B0B3B}.Release|x86.Build.0 = Release|Win32
	EndGlobalSection
	GlobalSection(SolutionProperties) = preSolution
		HideSolutionNode = FALSE
	EndGlobalSection
	GlobalSection(ExtensibilityGlobals) = postSolution
		SolutionGuid = {7C73396B-58A6-4913-867A-F2F4B3D102C7}
	EndGlobalSection
EndGlobal
